// !$*UTF8*$!
{
	archiveVersion = 1;
	classes = {
	};
	objectVersion = 55;
	objects = {

/* Begin PBXBuildFile section */
		0D1162DB28A5C1CA0000FCBA /* StarConvertor.swift in Sources */ = {isa = PBXBuildFile; fileRef = 0D1162DA28A5C1CA0000FCBA /* StarConvertor.swift */; };
		0D1162DD28A8DC960000FCBA /* ColorSettingView.swift in Sources */ = {isa = PBXBuildFile; fileRef = 0D1162DC28A8DC960000FCBA /* ColorSettingView.swift */; };
		0D1162DF28A8DD460000FCBA /* HowToUseView.swift in Sources */ = {isa = PBXBuildFile; fileRef = 0D1162DE28A8DD460000FCBA /* HowToUseView.swift */; };
		0D61C9E628B31EDD006B3270 /* CompanyImageMod.swift in Sources */ = {isa = PBXBuildFile; fileRef = 0D61C9E528B31EDC006B3270 /* CompanyImageMod.swift */; };
		0D61C9E828B32364006B3270 /* LaunchScreen.storyboard in Resources */ = {isa = PBXBuildFile; fileRef = 0D61C9E728B32364006B3270 /* LaunchScreen.storyboard */; };
		0D61C9ED28B33E25006B3270 /* AppLogoMod.swift in Sources */ = {isa = PBXBuildFile; fileRef = 0D61C9EC28B33E24006B3270 /* AppLogoMod.swift */; };
		0D7875D228A3D6A70070BE05 /* EditCompanyView.swift in Sources */ = {isa = PBXBuildFile; fileRef = 0D7875D128A3D6A60070BE05 /* EditCompanyView.swift */; };
		0DB2B262289E952800A81149 /* Shukatsu_NoteApp.swift in Sources */ = {isa = PBXBuildFile; fileRef = 0DB2B261289E952800A81149 /* Shukatsu_NoteApp.swift */; };
		0DB2B264289E952800A81149 /* MainView.swift in Sources */ = {isa = PBXBuildFile; fileRef = 0DB2B263289E952800A81149 /* MainView.swift */; };
		0DB2B266289E952B00A81149 /* Assets.xcassets in Resources */ = {isa = PBXBuildFile; fileRef = 0DB2B265289E952B00A81149 /* Assets.xcassets */; };
		0DB2B269289E952B00A81149 /* Preview Assets.xcassets in Resources */ = {isa = PBXBuildFile; fileRef = 0DB2B268289E952B00A81149 /* Preview Assets.xcassets */; };
		0DB2B270289E95B800A81149 /* MyNotesView.swift in Sources */ = {isa = PBXBuildFile; fileRef = 0DB2B26F289E95B700A81149 /* MyNotesView.swift */; };
		0DB2B279289E967100A81149 /* FolderRowView.swift in Sources */ = {isa = PBXBuildFile; fileRef = 0DB2B278289E967100A81149 /* FolderRowView.swift */; };
		0DB2B27B289E967E00A81149 /* CompanyView.swift in Sources */ = {isa = PBXBuildFile; fileRef = 0DB2B27A289E967E00A81149 /* CompanyView.swift */; };
		0DB2B27F289E969800A81149 /* TodoListView.swift in Sources */ = {isa = PBXBuildFile; fileRef = 0DB2B27E289E969800A81149 /* TodoListView.swift */; };
		0DB2B281289E96A300A81149 /* TodoListRowView.swift in Sources */ = {isa = PBXBuildFile; fileRef = 0DB2B280289E96A300A81149 /* TodoListRowView.swift */; };
		0DB2B283289E96AF00A81149 /* AddTodoView.swift in Sources */ = {isa = PBXBuildFile; fileRef = 0DB2B282289E96AF00A81149 /* AddTodoView.swift */; };
		0DB2B285289E96BC00A81149 /* SettingsView.swift in Sources */ = {isa = PBXBuildFile; fileRef = 0DB2B284289E96BC00A81149 /* SettingsView.swift */; };
		0DB2B287289E96C300A81149 /* WebView.swift in Sources */ = {isa = PBXBuildFile; fileRef = 0DB2B286289E96C300A81149 /* WebView.swift */; };
		0DB2B289289E96E800A81149 /* CompanyViewModel.swift in Sources */ = {isa = PBXBuildFile; fileRef = 0DB2B288289E96E800A81149 /* CompanyViewModel.swift */; };
		0DB2B28B289E96F100A81149 /* CompanyModel.swift in Sources */ = {isa = PBXBuildFile; fileRef = 0DB2B28A289E96F100A81149 /* CompanyModel.swift */; };
		0DB2B28F289EA71700A81149 /* NoteView.swift in Sources */ = {isa = PBXBuildFile; fileRef = 0DB2B28E289EA71700A81149 /* NoteView.swift */; };
		0DB2B2B5289F841500A81149 /* NoteViewModel.swift in Sources */ = {isa = PBXBuildFile; fileRef = 0DB2B2B4289F841500A81149 /* NoteViewModel.swift */; };
		0DB2B2B7289F842C00A81149 /* NoteModel.swift in Sources */ = {isa = PBXBuildFile; fileRef = 0DB2B2B6289F842C00A81149 /* NoteModel.swift */; };
		0DB2B2B9289FE43F00A81149 /* AddCompanyPopupView.swift in Sources */ = {isa = PBXBuildFile; fileRef = 0DB2B2B8289FE43F00A81149 /* AddCompanyPopupView.swift */; };
		0DB2B2D528A0C6CD00A81149 /* NoteRowView.swift in Sources */ = {isa = PBXBuildFile; fileRef = 0DB2B2D428A0C6CD00A81149 /* NoteRowView.swift */; };
		0DB5209828CE023F00D7AE6A /* VerifyUrl.swift in Sources */ = {isa = PBXBuildFile; fileRef = 0DB5209728CE023F00D7AE6A /* VerifyUrl.swift */; };
		0DCF522328C6D51500E1845C /* ColorExtension.swift in Sources */ = {isa = PBXBuildFile; fileRef = 0DCF522228C6D51500E1845C /* ColorExtension.swift */; };
		0DD08C1628D03B49001769B0 /* NoItemView.swift in Sources */ = {isa = PBXBuildFile; fileRef = 0DD08C1528D03B49001769B0 /* NoItemView.swift */; };
		0DE5C23628A920C300865D72 /* TodoModel.swift in Sources */ = {isa = PBXBuildFile; fileRef = 0DE5C23528A920C300865D72 /* TodoModel.swift */; };
		0DE5C23828A920D100865D72 /* TodoViewModel.swift in Sources */ = {isa = PBXBuildFile; fileRef = 0DE5C23728A920D100865D72 /* TodoViewModel.swift */; };
		0DE5C23B28AB2CF500865D72 /* FloatingBtnMod.swift in Sources */ = {isa = PBXBuildFile; fileRef = 0DE5C23A28AB2CF500865D72 /* FloatingBtnMod.swift */; };
		0DE5C23D28ACF5D800865D72 /* PhotoPicker.swift in Sources */ = {isa = PBXBuildFile; fileRef = 0DE5C23C28ACF5D800865D72 /* PhotoPicker.swift */; };
		0DF5FDB128C9B76000FD8184 /* Shukatsu-Note.xcdatamodeld in Sources */ = {isa = PBXBuildFile; fileRef = 0DF5FDAF28C9B76000FD8184 /* Shukatsu-Note.xcdatamodeld */; };
		0DF5FDB428C9B80200FD8184 /* Company+CoreDataClass.swift in Sources */ = {isa = PBXBuildFile; fileRef = 0DF5FDB228C9B80200FD8184 /* Company+CoreDataClass.swift */; };
		0DF5FDB528C9B80200FD8184 /* Company+CoreDataProperties.swift in Sources */ = {isa = PBXBuildFile; fileRef = 0DF5FDB328C9B80200FD8184 /* Company+CoreDataProperties.swift */; };
		0DF5FDD628C9BB6300FD8184 /* Persistence.swift in Sources */ = {isa = PBXBuildFile; fileRef = 0DF5FDD528C9BB6300FD8184 /* Persistence.swift */; };
		0DF5FDD928CAE69900FD8184 /* Note+CoreDataClass.swift in Sources */ = {isa = PBXBuildFile; fileRef = 0DF5FDD728CAE69900FD8184 /* Note+CoreDataClass.swift */; };
		0DF5FDDA28CAE69900FD8184 /* Note+CoreDataProperties.swift in Sources */ = {isa = PBXBuildFile; fileRef = 0DF5FDD828CAE69900FD8184 /* Note+CoreDataProperties.swift */; };
		0DF5FDDD28CAF9D900FD8184 /* Task+CoreDataClass.swift in Sources */ = {isa = PBXBuildFile; fileRef = 0DF5FDDB28CAF9D900FD8184 /* Task+CoreDataClass.swift */; };
		0DF5FDDE28CAF9D900FD8184 /* Task+CoreDataProperties.swift in Sources */ = {isa = PBXBuildFile; fileRef = 0DF5FDDC28CAF9D900FD8184 /* Task+CoreDataProperties.swift */; };
		0DF64A7828C626F90074A14F /* CustomDateFormatter.swift in Sources */ = {isa = PBXBuildFile; fileRef = 0DF64A7728C626F90074A14F /* CustomDateFormatter.swift */; };
/* End PBXBuildFile section */

/* Begin PBXFileReference section */
		0D1162DA28A5C1CA0000FCBA /* StarConvertor.swift */ = {isa = PBXFileReference; lastKnownFileType = sourcecode.swift; path = StarConvertor.swift; sourceTree = "<group>"; };
		0D1162DC28A8DC960000FCBA /* ColorSettingView.swift */ = {isa = PBXFileReference; lastKnownFileType = sourcecode.swift; path = ColorSettingView.swift; sourceTree = "<group>"; };
		0D1162DE28A8DD460000FCBA /* HowToUseView.swift */ = {isa = PBXFileReference; lastKnownFileType = sourcecode.swift; path = HowToUseView.swift; sourceTree = "<group>"; };
		0D61C9E528B31EDC006B3270 /* CompanyImageMod.swift */ = {isa = PBXFileReference; lastKnownFileType = sourcecode.swift; path = CompanyImageMod.swift; sourceTree = "<group>"; };
		0D61C9E728B32364006B3270 /* LaunchScreen.storyboard */ = {isa = PBXFileReference; lastKnownFileType = file.storyboard; path = LaunchScreen.storyboard; sourceTree = "<group>"; };
		0D61C9E928B325A1006B3270 /* Info.plist */ = {isa = PBXFileReference; lastKnownFileType = text.plist; path = Info.plist; sourceTree = "<group>"; };
		0D61C9EC28B33E24006B3270 /* AppLogoMod.swift */ = {isa = PBXFileReference; lastKnownFileType = sourcecode.swift; path = AppLogoMod.swift; sourceTree = "<group>"; };
		0D7875D128A3D6A60070BE05 /* EditCompanyView.swift */ = {isa = PBXFileReference; lastKnownFileType = sourcecode.swift; path = EditCompanyView.swift; sourceTree = "<group>"; };
		0DB2B25E289E952800A81149 /* Shukatsu-Note.app */ = {isa = PBXFileReference; explicitFileType = wrapper.application; includeInIndex = 0; path = "Shukatsu-Note.app"; sourceTree = BUILT_PRODUCTS_DIR; };
		0DB2B261289E952800A81149 /* Shukatsu_NoteApp.swift */ = {isa = PBXFileReference; lastKnownFileType = sourcecode.swift; path = Shukatsu_NoteApp.swift; sourceTree = "<group>"; };
		0DB2B263289E952800A81149 /* MainView.swift */ = {isa = PBXFileReference; lastKnownFileType = sourcecode.swift; path = MainView.swift; sourceTree = "<group>"; };
		0DB2B265289E952B00A81149 /* Assets.xcassets */ = {isa = PBXFileReference; lastKnownFileType = folder.assetcatalog; path = Assets.xcassets; sourceTree = "<group>"; };
		0DB2B268289E952B00A81149 /* Preview Assets.xcassets */ = {isa = PBXFileReference; lastKnownFileType = folder.assetcatalog; path = "Preview Assets.xcassets"; sourceTree = "<group>"; };
		0DB2B26F289E95B700A81149 /* MyNotesView.swift */ = {isa = PBXFileReference; lastKnownFileType = sourcecode.swift; path = MyNotesView.swift; sourceTree = "<group>"; };
		0DB2B278289E967100A81149 /* FolderRowView.swift */ = {isa = PBXFileReference; lastKnownFileType = sourcecode.swift; path = FolderRowView.swift; sourceTree = "<group>"; };
		0DB2B27A289E967E00A81149 /* CompanyView.swift */ = {isa = PBXFileReference; lastKnownFileType = sourcecode.swift; path = CompanyView.swift; sourceTree = "<group>"; };
		0DB2B27E289E969800A81149 /* TodoListView.swift */ = {isa = PBXFileReference; lastKnownFileType = sourcecode.swift; path = TodoListView.swift; sourceTree = "<group>"; };
		0DB2B280289E96A300A81149 /* TodoListRowView.swift */ = {isa = PBXFileReference; lastKnownFileType = sourcecode.swift; path = TodoListRowView.swift; sourceTree = "<group>"; };
		0DB2B282289E96AF00A81149 /* AddTodoView.swift */ = {isa = PBXFileReference; lastKnownFileType = sourcecode.swift; path = AddTodoView.swift; sourceTree = "<group>"; };
		0DB2B284289E96BC00A81149 /* SettingsView.swift */ = {isa = PBXFileReference; lastKnownFileType = sourcecode.swift; path = SettingsView.swift; sourceTree = "<group>"; };
		0DB2B286289E96C300A81149 /* WebView.swift */ = {isa = PBXFileReference; lastKnownFileType = sourcecode.swift; path = WebView.swift; sourceTree = "<group>"; };
		0DB2B288289E96E800A81149 /* CompanyViewModel.swift */ = {isa = PBXFileReference; lastKnownFileType = sourcecode.swift; path = CompanyViewModel.swift; sourceTree = "<group>"; };
		0DB2B28A289E96F100A81149 /* CompanyModel.swift */ = {isa = PBXFileReference; lastKnownFileType = sourcecode.swift; path = CompanyModel.swift; sourceTree = "<group>"; };
		0DB2B28E289EA71700A81149 /* NoteView.swift */ = {isa = PBXFileReference; lastKnownFileType = sourcecode.swift; path = NoteView.swift; sourceTree = "<group>"; };
		0DB2B2B4289F841500A81149 /* NoteViewModel.swift */ = {isa = PBXFileReference; lastKnownFileType = sourcecode.swift; path = NoteViewModel.swift; sourceTree = "<group>"; };
		0DB2B2B6289F842C00A81149 /* NoteModel.swift */ = {isa = PBXFileReference; lastKnownFileType = sourcecode.swift; path = NoteModel.swift; sourceTree = "<group>"; };
		0DB2B2B8289FE43F00A81149 /* AddCompanyPopupView.swift */ = {isa = PBXFileReference; lastKnownFileType = sourcecode.swift; path = AddCompanyPopupView.swift; sourceTree = "<group>"; };
		0DB2B2D428A0C6CD00A81149 /* NoteRowView.swift */ = {isa = PBXFileReference; lastKnownFileType = sourcecode.swift; path = NoteRowView.swift; sourceTree = "<group>"; };
		0DB5209728CE023F00D7AE6A /* VerifyUrl.swift */ = {isa = PBXFileReference; lastKnownFileType = sourcecode.swift; path = VerifyUrl.swift; sourceTree = "<group>"; };
		0DCF522228C6D51500E1845C /* ColorExtension.swift */ = {isa = PBXFileReference; lastKnownFileType = sourcecode.swift; path = ColorExtension.swift; sourceTree = "<group>"; };
		0DD08C1528D03B49001769B0 /* NoItemView.swift */ = {isa = PBXFileReference; lastKnownFileType = sourcecode.swift; path = NoItemView.swift; sourceTree = "<group>"; };
		0DE5C23528A920C300865D72 /* TodoModel.swift */ = {isa = PBXFileReference; lastKnownFileType = sourcecode.swift; path = TodoModel.swift; sourceTree = "<group>"; };
		0DE5C23728A920D100865D72 /* TodoViewModel.swift */ = {isa = PBXFileReference; lastKnownFileType = sourcecode.swift; path = TodoViewModel.swift; sourceTree = "<group>"; };
		0DE5C23A28AB2CF500865D72 /* FloatingBtnMod.swift */ = {isa = PBXFileReference; lastKnownFileType = sourcecode.swift; path = FloatingBtnMod.swift; sourceTree = "<group>"; };
		0DE5C23C28ACF5D800865D72 /* PhotoPicker.swift */ = {isa = PBXFileReference; lastKnownFileType = sourcecode.swift; path = PhotoPicker.swift; sourceTree = "<group>"; };
		0DF5FDB028C9B76000FD8184 /* Shukatsu-Note.xcdatamodel */ = {isa = PBXFileReference; lastKnownFileType = wrapper.xcdatamodel; path = "Shukatsu-Note.xcdatamodel"; sourceTree = "<group>"; };
		0DF5FDB228C9B80200FD8184 /* Company+CoreDataClass.swift */ = {isa = PBXFileReference; lastKnownFileType = sourcecode.swift; path = "Company+CoreDataClass.swift"; sourceTree = "<group>"; };
		0DF5FDB328C9B80200FD8184 /* Company+CoreDataProperties.swift */ = {isa = PBXFileReference; lastKnownFileType = sourcecode.swift; path = "Company+CoreDataProperties.swift"; sourceTree = "<group>"; };
		0DF5FDD528C9BB6300FD8184 /* Persistence.swift */ = {isa = PBXFileReference; lastKnownFileType = sourcecode.swift; path = Persistence.swift; sourceTree = "<group>"; };
		0DF5FDD728CAE69900FD8184 /* Note+CoreDataClass.swift */ = {isa = PBXFileReference; lastKnownFileType = sourcecode.swift; path = "Note+CoreDataClass.swift"; sourceTree = "<group>"; };
		0DF5FDD828CAE69900FD8184 /* Note+CoreDataProperties.swift */ = {isa = PBXFileReference; lastKnownFileType = sourcecode.swift; path = "Note+CoreDataProperties.swift"; sourceTree = "<group>"; };
		0DF5FDDB28CAF9D900FD8184 /* Task+CoreDataClass.swift */ = {isa = PBXFileReference; lastKnownFileType = sourcecode.swift; path = "Task+CoreDataClass.swift"; sourceTree = "<group>"; };
		0DF5FDDC28CAF9D900FD8184 /* Task+CoreDataProperties.swift */ = {isa = PBXFileReference; lastKnownFileType = sourcecode.swift; path = "Task+CoreDataProperties.swift"; sourceTree = "<group>"; };
		0DF64A7728C626F90074A14F /* CustomDateFormatter.swift */ = {isa = PBXFileReference; lastKnownFileType = sourcecode.swift; path = CustomDateFormatter.swift; sourceTree = "<group>"; };
/* End PBXFileReference section */

/* Begin PBXFrameworksBuildPhase section */
		0DB2B25B289E952800A81149 /* Frameworks */ = {
			isa = PBXFrameworksBuildPhase;
			buildActionMask = 2147483647;
			files = (
			);
			runOnlyForDeploymentPostprocessing = 0;
		};
/* End PBXFrameworksBuildPhase section */

/* Begin PBXGroup section */
		0DB2B255289E952800A81149 = {
			isa = PBXGroup;
			children = (
				0DB2B260289E952800A81149 /* Shukatsu-Note */,
				0DB2B25F289E952800A81149 /* Products */,
			);
			sourceTree = "<group>";
		};
		0DB2B25F289E952800A81149 /* Products */ = {
			isa = PBXGroup;
			children = (
				0DB2B25E289E952800A81149 /* Shukatsu-Note.app */,
			);
			name = Products;
			sourceTree = "<group>";
		};
		0DB2B260289E952800A81149 /* Shukatsu-Note */ = {
			isa = PBXGroup;
			children = (
				0D61C9E928B325A1006B3270 /* Info.plist */,
				0DB2B261289E952800A81149 /* Shukatsu_NoteApp.swift */,
				0DB2B271289E95D800A81149 /* Views */,
				0DB2B272289E95E400A81149 /* ViewModels */,
				0DB2B273289E95ED00A81149 /* Models */,
				0DF5FDAE28C9B73900FD8184 /* DataBase */,
				0DB2B265289E952B00A81149 /* Assets.xcassets */,
				0DB2B267289E952B00A81149 /* Preview Content */,
			);
			path = "Shukatsu-Note";
			sourceTree = "<group>";
		};
		0DB2B267289E952B00A81149 /* Preview Content */ = {
			isa = PBXGroup;
			children = (
				0DB2B268289E952B00A81149 /* Preview Assets.xcassets */,
			);
			path = "Preview Content";
			sourceTree = "<group>";
		};
		0DB2B271289E95D800A81149 /* Views */ = {
			isa = PBXGroup;
			children = (
				0DB2B263289E952800A81149 /* MainView.swift */,
				0DD08C1528D03B49001769B0 /* NoItemView.swift */,
				0D61C9E728B32364006B3270 /* LaunchScreen.storyboard */,
				0DB2B274289E95F500A81149 /* NoteList */,
				0DB2B275289E960400A81149 /* TodoList */,
				0DB2B277289E962500A81149 /* Settings */,
				0DE5C23228A9107F00865D72 /* Shared */,
				0DE5C23928AB2CC900865D72 /* ViewModifiers */,
			);
			path = Views;
			sourceTree = "<group>";
		};
		0DB2B272289E95E400A81149 /* ViewModels */ = {
			isa = PBXGroup;
			children = (
				0DB2B288289E96E800A81149 /* CompanyViewModel.swift */,
				0DB2B2B4289F841500A81149 /* NoteViewModel.swift */,
				0DE5C23728A920D100865D72 /* TodoViewModel.swift */,
			);
			path = ViewModels;
			sourceTree = "<group>";
		};
		0DB2B273289E95ED00A81149 /* Models */ = {
			isa = PBXGroup;
			children = (
				0DB2B28A289E96F100A81149 /* CompanyModel.swift */,
				0DB2B2B6289F842C00A81149 /* NoteModel.swift */,
				0DE5C23528A920C300865D72 /* TodoModel.swift */,
			);
			path = Models;
			sourceTree = "<group>";
		};
		0DB2B274289E95F500A81149 /* NoteList */ = {
			isa = PBXGroup;
			children = (
				0DB2B26F289E95B700A81149 /* MyNotesView.swift */,
				0DB2B278289E967100A81149 /* FolderRowView.swift */,
				0DB2B2D428A0C6CD00A81149 /* NoteRowView.swift */,
				0DB2B2B8289FE43F00A81149 /* AddCompanyPopupView.swift */,
				0DB2B28E289EA71700A81149 /* NoteView.swift */,
				0DB2B27A289E967E00A81149 /* CompanyView.swift */,
				0D7875D128A3D6A60070BE05 /* EditCompanyView.swift */,
				0DE5C23C28ACF5D800865D72 /* PhotoPicker.swift */,
			);
			path = NoteList;
			sourceTree = "<group>";
		};
		0DB2B275289E960400A81149 /* TodoList */ = {
			isa = PBXGroup;
			children = (
				0DB2B27E289E969800A81149 /* TodoListView.swift */,
				0DB2B280289E96A300A81149 /* TodoListRowView.swift */,
				0DB2B282289E96AF00A81149 /* AddTodoView.swift */,
			);
			path = TodoList;
			sourceTree = "<group>";
		};
		0DB2B277289E962500A81149 /* Settings */ = {
			isa = PBXGroup;
			children = (
				0DB2B284289E96BC00A81149 /* SettingsView.swift */,
				0D1162DC28A8DC960000FCBA /* ColorSettingView.swift */,
				0DB2B286289E96C300A81149 /* WebView.swift */,
				0D1162DE28A8DD460000FCBA /* HowToUseView.swift */,
			);
			path = Settings;
			sourceTree = "<group>";
		};
		0DD08C1128D02D69001769B0 /* Funcs */ = {
			isa = PBXGroup;
			children = (
				0D1162DA28A5C1CA0000FCBA /* StarConvertor.swift */,
				0DF64A7728C626F90074A14F /* CustomDateFormatter.swift */,
				0DB5209728CE023F00D7AE6A /* VerifyUrl.swift */,
			);
			path = Funcs;
			sourceTree = "<group>";
		};
		0DD08C1228D02D74001769B0 /* Assets */ = {
			isa = PBXGroup;
			children = (
				0DCF522228C6D51500E1845C /* ColorExtension.swift */,
			);
			path = Assets;
			sourceTree = "<group>";
		};
		0DE5C23228A9107F00865D72 /* Shared */ = {
			isa = PBXGroup;
			children = (
				0DD08C1128D02D69001769B0 /* Funcs */,
				0DD08C1228D02D74001769B0 /* Assets */,
			);
			path = Shared;
			sourceTree = "<group>";
		};
		0DE5C23928AB2CC900865D72 /* ViewModifiers */ = {
			isa = PBXGroup;
			children = (
				0DE5C23A28AB2CF500865D72 /* FloatingBtnMod.swift */,
				0D61C9E528B31EDC006B3270 /* CompanyImageMod.swift */,
				0D61C9EC28B33E24006B3270 /* AppLogoMod.swift */,
			);
			path = ViewModifiers;
			sourceTree = "<group>";
		};
		0DF5FDAE28C9B73900FD8184 /* DataBase */ = {
			isa = PBXGroup;
			children = (
				0DF5FDAF28C9B76000FD8184 /* Shukatsu-Note.xcdatamodeld */,
				0DF5FDB228C9B80200FD8184 /* Company+CoreDataClass.swift */,
				0DF5FDB328C9B80200FD8184 /* Company+CoreDataProperties.swift */,
				0DF5FDD728CAE69900FD8184 /* Note+CoreDataClass.swift */,
				0DF5FDD828CAE69900FD8184 /* Note+CoreDataProperties.swift */,
				0DF5FDDB28CAF9D900FD8184 /* Task+CoreDataClass.swift */,
				0DF5FDDC28CAF9D900FD8184 /* Task+CoreDataProperties.swift */,
				0DF5FDD528C9BB6300FD8184 /* Persistence.swift */,
			);
			path = DataBase;
			sourceTree = "<group>";
		};
/* End PBXGroup section */

/* Begin PBXNativeTarget section */
		0DB2B25D289E952800A81149 /* Shukatsu-Note */ = {
			isa = PBXNativeTarget;
			buildConfigurationList = 0DB2B26C289E952B00A81149 /* Build configuration list for PBXNativeTarget "Shukatsu-Note" */;
			buildPhases = (
				0DB2B25A289E952800A81149 /* Sources */,
				0DB2B25B289E952800A81149 /* Frameworks */,
				0DB2B25C289E952800A81149 /* Resources */,
			);
			buildRules = (
			);
			dependencies = (
			);
			name = "Shukatsu-Note";
			productName = "Shukatsu-Note";
			productReference = 0DB2B25E289E952800A81149 /* Shukatsu-Note.app */;
			productType = "com.apple.product-type.application";
		};
/* End PBXNativeTarget section */

/* Begin PBXProject section */
		0DB2B256289E952800A81149 /* Project object */ = {
			isa = PBXProject;
			attributes = {
				BuildIndependentTargetsInParallel = 1;
				LastSwiftUpdateCheck = 1340;
				LastUpgradeCheck = 1340;
				TargetAttributes = {
					0DB2B25D289E952800A81149 = {
						CreatedOnToolsVersion = 13.4.1;
					};
				};
			};
			buildConfigurationList = 0DB2B259289E952800A81149 /* Build configuration list for PBXProject "Shukatsu-Note" */;
			compatibilityVersion = "Xcode 13.0";
			developmentRegion = en;
			hasScannedForEncodings = 0;
			knownRegions = (
				en,
				Base,
			);
			mainGroup = 0DB2B255289E952800A81149;
			productRefGroup = 0DB2B25F289E952800A81149 /* Products */;
			projectDirPath = "";
			projectRoot = "";
			targets = (
				0DB2B25D289E952800A81149 /* Shukatsu-Note */,
			);
		};
/* End PBXProject section */

/* Begin PBXResourcesBuildPhase section */
		0DB2B25C289E952800A81149 /* Resources */ = {
			isa = PBXResourcesBuildPhase;
			buildActionMask = 2147483647;
			files = (
				0D61C9E828B32364006B3270 /* LaunchScreen.storyboard in Resources */,
				0DB2B269289E952B00A81149 /* Preview Assets.xcassets in Resources */,
				0DB2B266289E952B00A81149 /* Assets.xcassets in Resources */,
			);
			runOnlyForDeploymentPostprocessing = 0;
		};
/* End PBXResourcesBuildPhase section */

/* Begin PBXSourcesBuildPhase section */
		0DB2B25A289E952800A81149 /* Sources */ = {
			isa = PBXSourcesBuildPhase;
			buildActionMask = 2147483647;
			files = (
				0DF5FDD628C9BB6300FD8184 /* Persistence.swift in Sources */,
				0DB2B2B5289F841500A81149 /* NoteViewModel.swift in Sources */,
				0DB2B289289E96E800A81149 /* CompanyViewModel.swift in Sources */,
				0D1162DB28A5C1CA0000FCBA /* StarConvertor.swift in Sources */,
				0DF5FDDE28CAF9D900FD8184 /* Task+CoreDataProperties.swift in Sources */,
				0DE5C23628A920C300865D72 /* TodoModel.swift in Sources */,
				0DB2B279289E967100A81149 /* FolderRowView.swift in Sources */,
				0DF5FDB428C9B80200FD8184 /* Company+CoreDataClass.swift in Sources */,
				0DB5209828CE023F00D7AE6A /* VerifyUrl.swift in Sources */,
				0DB2B270289E95B800A81149 /* MyNotesView.swift in Sources */,
				0D61C9E628B31EDD006B3270 /* CompanyImageMod.swift in Sources */,
				0DB2B283289E96AF00A81149 /* AddTodoView.swift in Sources */,
				0DF5FDDD28CAF9D900FD8184 /* Task+CoreDataClass.swift in Sources */,
				0DB2B264289E952800A81149 /* MainView.swift in Sources */,
				0DB2B2B9289FE43F00A81149 /* AddCompanyPopupView.swift in Sources */,
				0DB2B28B289E96F100A81149 /* CompanyModel.swift in Sources */,
				0DF5FDD928CAE69900FD8184 /* Note+CoreDataClass.swift in Sources */,
				0DCF522328C6D51500E1845C /* ColorExtension.swift in Sources */,
				0DE5C23B28AB2CF500865D72 /* FloatingBtnMod.swift in Sources */,
				0DB2B285289E96BC00A81149 /* SettingsView.swift in Sources */,
				0DB2B28F289EA71700A81149 /* NoteView.swift in Sources */,
				0DB2B2B7289F842C00A81149 /* NoteModel.swift in Sources */,
				0DB2B27F289E969800A81149 /* TodoListView.swift in Sources */,
				0D1162DD28A8DC960000FCBA /* ColorSettingView.swift in Sources */,
				0DB2B281289E96A300A81149 /* TodoListRowView.swift in Sources */,
				0D1162DF28A8DD460000FCBA /* HowToUseView.swift in Sources */,
				0DB2B27B289E967E00A81149 /* CompanyView.swift in Sources */,
				0DB2B2D528A0C6CD00A81149 /* NoteRowView.swift in Sources */,
				0DF64A7828C626F90074A14F /* CustomDateFormatter.swift in Sources */,
				0DF5FDB128C9B76000FD8184 /* Shukatsu-Note.xcdatamodeld in Sources */,
				0DE5C23828A920D100865D72 /* TodoViewModel.swift in Sources */,
				0DF5FDB528C9B80200FD8184 /* Company+CoreDataProperties.swift in Sources */,
				0DF5FDDA28CAE69900FD8184 /* Note+CoreDataProperties.swift in Sources */,
				0DB2B262289E952800A81149 /* Shukatsu_NoteApp.swift in Sources */,
				0DD08C1628D03B49001769B0 /* NoItemView.swift in Sources */,
				0D7875D228A3D6A70070BE05 /* EditCompanyView.swift in Sources */,
				0D61C9ED28B33E25006B3270 /* AppLogoMod.swift in Sources */,
				0DE5C23D28ACF5D800865D72 /* PhotoPicker.swift in Sources */,
				0DB2B287289E96C300A81149 /* WebView.swift in Sources */,
			);
			runOnlyForDeploymentPostprocessing = 0;
		};
/* End PBXSourcesBuildPhase section */

/* Begin XCBuildConfiguration section */
		0DB2B26A289E952B00A81149 /* Debug */ = {
			isa = XCBuildConfiguration;
			buildSettings = {
				ALWAYS_SEARCH_USER_PATHS = NO;
				CLANG_ANALYZER_NONNULL = YES;
				CLANG_ANALYZER_NUMBER_OBJECT_CONVERSION = YES_AGGRESSIVE;
				CLANG_CXX_LANGUAGE_STANDARD = "gnu++17";
				CLANG_ENABLE_MODULES = YES;
				CLANG_ENABLE_OBJC_ARC = YES;
				CLANG_ENABLE_OBJC_WEAK = YES;
				CLANG_WARN_BLOCK_CAPTURE_AUTORELEASING = YES;
				CLANG_WARN_BOOL_CONVERSION = YES;
				CLANG_WARN_COMMA = YES;
				CLANG_WARN_CONSTANT_CONVERSION = YES;
				CLANG_WARN_DEPRECATED_OBJC_IMPLEMENTATIONS = YES;
				CLANG_WARN_DIRECT_OBJC_ISA_USAGE = YES_ERROR;
				CLANG_WARN_DOCUMENTATION_COMMENTS = YES;
				CLANG_WARN_EMPTY_BODY = YES;
				CLANG_WARN_ENUM_CONVERSION = YES;
				CLANG_WARN_INFINITE_RECURSION = YES;
				CLANG_WARN_INT_CONVERSION = YES;
				CLANG_WARN_NON_LITERAL_NULL_CONVERSION = YES;
				CLANG_WARN_OBJC_IMPLICIT_RETAIN_SELF = YES;
				CLANG_WARN_OBJC_LITERAL_CONVERSION = YES;
				CLANG_WARN_OBJC_ROOT_CLASS = YES_ERROR;
				CLANG_WARN_QUOTED_INCLUDE_IN_FRAMEWORK_HEADER = YES;
				CLANG_WARN_RANGE_LOOP_ANALYSIS = YES;
				CLANG_WARN_STRICT_PROTOTYPES = YES;
				CLANG_WARN_SUSPICIOUS_MOVE = YES;
				CLANG_WARN_UNGUARDED_AVAILABILITY = YES_AGGRESSIVE;
				CLANG_WARN_UNREACHABLE_CODE = YES;
				CLANG_WARN__DUPLICATE_METHOD_MATCH = YES;
				COPY_PHASE_STRIP = NO;
				DEBUG_INFORMATION_FORMAT = dwarf;
				ENABLE_STRICT_OBJC_MSGSEND = YES;
				ENABLE_TESTABILITY = YES;
				GCC_C_LANGUAGE_STANDARD = gnu11;
				GCC_DYNAMIC_NO_PIC = NO;
				GCC_NO_COMMON_BLOCKS = YES;
				GCC_OPTIMIZATION_LEVEL = 0;
				GCC_PREPROCESSOR_DEFINITIONS = (
					"DEBUG=1",
					"$(inherited)",
				);
				GCC_WARN_64_TO_32_BIT_CONVERSION = YES;
				GCC_WARN_ABOUT_RETURN_TYPE = YES_ERROR;
				GCC_WARN_UNDECLARED_SELECTOR = YES;
				GCC_WARN_UNINITIALIZED_AUTOS = YES_AGGRESSIVE;
				GCC_WARN_UNUSED_FUNCTION = YES;
				GCC_WARN_UNUSED_VARIABLE = YES;
				IPHONEOS_DEPLOYMENT_TARGET = 15.5;
				MTL_ENABLE_DEBUG_INFO = INCLUDE_SOURCE;
				MTL_FAST_MATH = YES;
				ONLY_ACTIVE_ARCH = YES;
				SDKROOT = iphoneos;
				SWIFT_ACTIVE_COMPILATION_CONDITIONS = DEBUG;
				SWIFT_OPTIMIZATION_LEVEL = "-Onone";
			};
			name = Debug;
		};
		0DB2B26B289E952B00A81149 /* Release */ = {
			isa = XCBuildConfiguration;
			buildSettings = {
				ALWAYS_SEARCH_USER_PATHS = NO;
				CLANG_ANALYZER_NONNULL = YES;
				CLANG_ANALYZER_NUMBER_OBJECT_CONVERSION = YES_AGGRESSIVE;
				CLANG_CXX_LANGUAGE_STANDARD = "gnu++17";
				CLANG_ENABLE_MODULES = YES;
				CLANG_ENABLE_OBJC_ARC = YES;
				CLANG_ENABLE_OBJC_WEAK = YES;
				CLANG_WARN_BLOCK_CAPTURE_AUTORELEASING = YES;
				CLANG_WARN_BOOL_CONVERSION = YES;
				CLANG_WARN_COMMA = YES;
				CLANG_WARN_CONSTANT_CONVERSION = YES;
				CLANG_WARN_DEPRECATED_OBJC_IMPLEMENTATIONS = YES;
				CLANG_WARN_DIRECT_OBJC_ISA_USAGE = YES_ERROR;
				CLANG_WARN_DOCUMENTATION_COMMENTS = YES;
				CLANG_WARN_EMPTY_BODY = YES;
				CLANG_WARN_ENUM_CONVERSION = YES;
				CLANG_WARN_INFINITE_RECURSION = YES;
				CLANG_WARN_INT_CONVERSION = YES;
				CLANG_WARN_NON_LITERAL_NULL_CONVERSION = YES;
				CLANG_WARN_OBJC_IMPLICIT_RETAIN_SELF = YES;
				CLANG_WARN_OBJC_LITERAL_CONVERSION = YES;
				CLANG_WARN_OBJC_ROOT_CLASS = YES_ERROR;
				CLANG_WARN_QUOTED_INCLUDE_IN_FRAMEWORK_HEADER = YES;
				CLANG_WARN_RANGE_LOOP_ANALYSIS = YES;
				CLANG_WARN_STRICT_PROTOTYPES = YES;
				CLANG_WARN_SUSPICIOUS_MOVE = YES;
				CLANG_WARN_UNGUARDED_AVAILABILITY = YES_AGGRESSIVE;
				CLANG_WARN_UNREACHABLE_CODE = YES;
				CLANG_WARN__DUPLICATE_METHOD_MATCH = YES;
				COPY_PHASE_STRIP = NO;
				DEBUG_INFORMATION_FORMAT = "dwarf-with-dsym";
				ENABLE_NS_ASSERTIONS = NO;
				ENABLE_STRICT_OBJC_MSGSEND = YES;
				GCC_C_LANGUAGE_STANDARD = gnu11;
				GCC_NO_COMMON_BLOCKS = YES;
				GCC_WARN_64_TO_32_BIT_CONVERSION = YES;
				GCC_WARN_ABOUT_RETURN_TYPE = YES_ERROR;
				GCC_WARN_UNDECLARED_SELECTOR = YES;
				GCC_WARN_UNINITIALIZED_AUTOS = YES_AGGRESSIVE;
				GCC_WARN_UNUSED_FUNCTION = YES;
				GCC_WARN_UNUSED_VARIABLE = YES;
				IPHONEOS_DEPLOYMENT_TARGET = 15.5;
				MTL_ENABLE_DEBUG_INFO = NO;
				MTL_FAST_MATH = YES;
				SDKROOT = iphoneos;
				SWIFT_COMPILATION_MODE = wholemodule;
				SWIFT_OPTIMIZATION_LEVEL = "-O";
				VALIDATE_PRODUCT = YES;
			};
			name = Release;
		};
		0DB2B26D289E952B00A81149 /* Debug */ = {
			isa = XCBuildConfiguration;
			buildSettings = {
				ASSETCATALOG_COMPILER_APPICON_NAME = AppIcon;
				ASSETCATALOG_COMPILER_GLOBAL_ACCENT_COLOR_NAME = AccentColor;
				CODE_SIGN_STYLE = Automatic;
				CURRENT_PROJECT_VERSION = 1;
				DEVELOPMENT_ASSET_PATHS = "\"Shukatsu-Note/Preview Content\"";
				DEVELOPMENT_TEAM = NMVH7U46L7;
				ENABLE_PREVIEWS = YES;
				GENERATE_INFOPLIST_FILE = YES;
				INFOPLIST_FILE = "Shukatsu-Note/Info.plist";
				INFOPLIST_KEY_LSApplicationCategoryType = "";
				INFOPLIST_KEY_UIApplicationSceneManifest_Generation = YES;
				INFOPLIST_KEY_UIApplicationSupportsIndirectInputEvents = YES;
				INFOPLIST_KEY_UILaunchStoryboardName = LaunchScreen;
				INFOPLIST_KEY_UISupportedInterfaceOrientations_iPad = "UIInterfaceOrientationPortrait UIInterfaceOrientationPortraitUpsideDown UIInterfaceOrientationLandscapeLeft UIInterfaceOrientationLandscapeRight";
				INFOPLIST_KEY_UISupportedInterfaceOrientations_iPhone = "UIInterfaceOrientationPortrait UIInterfaceOrientationLandscapeLeft UIInterfaceOrientationLandscapeRight";
				LD_RUNPATH_SEARCH_PATHS = (
					"$(inherited)",
					"@executable_path/Frameworks",
				);
				MARKETING_VERSION = 1.0;
				PRODUCT_BUNDLE_IDENTIFIER = "harukikoga.com.Shukatsu-Note";
				PRODUCT_NAME = "$(TARGET_NAME)";
				SWIFT_EMIT_LOC_STRINGS = YES;
				SWIFT_VERSION = 5.0;
				TARGETED_DEVICE_FAMILY = "1,2";
			};
			name = Debug;
		};
		0DB2B26E289E952B00A81149 /* Release */ = {
			isa = XCBuildConfiguration;
			buildSettings = {
				ASSETCATALOG_COMPILER_APPICON_NAME = AppIcon;
				ASSETCATALOG_COMPILER_GLOBAL_ACCENT_COLOR_NAME = AccentColor;
				CODE_SIGN_STYLE = Automatic;
				CURRENT_PROJECT_VERSION = 1;
				DEVELOPMENT_ASSET_PATHS = "\"Shukatsu-Note/Preview Content\"";
				DEVELOPMENT_TEAM = NMVH7U46L7;
				ENABLE_PREVIEWS = YES;
				GENERATE_INFOPLIST_FILE = YES;
				INFOPLIST_FILE = "Shukatsu-Note/Info.plist";
				INFOPLIST_KEY_LSApplicationCategoryType = "";
				INFOPLIST_KEY_UIApplicationSceneManifest_Generation = YES;
				INFOPLIST_KEY_UIApplicationSupportsIndirectInputEvents = YES;
				INFOPLIST_KEY_UILaunchStoryboardName = LaunchScreen;
				INFOPLIST_KEY_UISupportedInterfaceOrientations_iPad = "UIInterfaceOrientationPortrait UIInterfaceOrientationPortraitUpsideDown UIInterfaceOrientationLandscapeLeft UIInterfaceOrientationLandscapeRight";
				INFOPLIST_KEY_UISupportedInterfaceOrientations_iPhone = "UIInterfaceOrientationPortrait UIInterfaceOrientationLandscapeLeft UIInterfaceOrientationLandscapeRight";
				LD_RUNPATH_SEARCH_PATHS = (
					"$(inherited)",
					"@executable_path/Frameworks",
				);
				MARKETING_VERSION = 1.0;
				PRODUCT_BUNDLE_IDENTIFIER = "harukikoga.com.Shukatsu-Note";
				PRODUCT_NAME = "$(TARGET_NAME)";
				SWIFT_EMIT_LOC_STRINGS = YES;
				SWIFT_VERSION = 5.0;
				TARGETED_DEVICE_FAMILY = "1,2";
			};
			name = Release;
		};
/* End XCBuildConfiguration section */

/* Begin XCConfigurationList section */
		0DB2B259289E952800A81149 /* Build configuration list for PBXProject "Shukatsu-Note" */ = {
			isa = XCConfigurationList;
			buildConfigurations = (
				0DB2B26A289E952B00A81149 /* Debug */,
				0DB2B26B289E952B00A81149 /* Release */,
			);
			defaultConfigurationIsVisible = 0;
			defaultConfigurationName = Release;
		};
		0DB2B26C289E952B00A81149 /* Build configuration list for PBXNativeTarget "Shukatsu-Note" */ = {
			isa = XCConfigurationList;
			buildConfigurations = (
				0DB2B26D289E952B00A81149 /* Debug */,
				0DB2B26E289E952B00A81149 /* Release */,
			);
			defaultConfigurationIsVisible = 0;
			defaultConfigurationName = Release;
		};
/* End XCConfigurationList section */

/* Begin XCVersionGroup section */
		0DF5FDAF28C9B76000FD8184 /* Shukatsu-Note.xcdatamodeld */ = {
			isa = XCVersionGroup;
			children = (
				0DF5FDB028C9B76000FD8184 /* Shukatsu-Note.xcdatamodel */,
			);
			currentVersion = 0DF5FDB028C9B76000FD8184 /* Shukatsu-Note.xcdatamodel */;
			path = "Shukatsu-Note.xcdatamodeld";
			sourceTree = "<group>";
			versionGroupType = wrapper.xcdatamodel;
		};
/* End XCVersionGroup section */
	};
	rootObject = 0DB2B256289E952800A81149 /* Project object */;
}
